<?xml version="1.0" encoding="utf-8"?>
<Project ToolsVersion="4.0" xmlns="http://schemas.microsoft.com/developer/msbuild/2003">
  <ItemGroup>
    <Filter Include="Common">
      <UniqueIdentifier>{3a2c44af-6873-497e-bc18-845fd6d43666}</UniqueIdentifier>
    </Filter>
    <Filter Include="Decode">
      <UniqueIdentifier>{dca7cc4d-fc46-4b71-9ee6-fb97f6876a4a}</UniqueIdentifier>
    </Filter>
    <Filter Include="Encode">
      <UniqueIdentifier>{b6710fc6-db04-408e-a9d8-84c4b760296f}</UniqueIdentifier>
    </Filter>
    <Filter Include="Memtrace">
      <UniqueIdentifier>{469decb1-6dab-4da5-8fdb-015fbf3d22b1}</UniqueIdentifier>
    </Filter>
    <Filter Include="WMPGlue">
      <UniqueIdentifier>{329ba015-510d-4347-a0fa-aed1ddf6d494}</UniqueIdentifier>
    </Filter>
    <Filter Include="WMPMeta">
      <UniqueIdentifier>{cc3a62b3-41bb-48d8-a784-f38f6cd2d417}</UniqueIdentifier>
    </Filter>
    <Filter Include="Include">
      <UniqueIdentifier>{14d284aa-b857-4e87-beb8-cb1b17231529}</UniqueIdentifier>
    </Filter>
  </ItemGroup>
  <ItemGroup>
    <ClCompile Include="image\sys\adapthuff.c">
      <Filter>Common</Filter>
    </ClCompile>
    <ClCompile Include="image\sys\image.c">
      <Filter>Common</Filter>
    </ClCompile>
    <ClCompile Include="image\sys\perfTimerANSI.c">
      <Filter>Common</Filter>
    </ClCompile>
    <ClCompile Include="image\sys\strcodec.c">
      <Filter>Common</Filter>
    </ClCompile>
    <ClCompile Include="image\sys\strPredQuant.c">
      <Filter>Common</Filter>
    </ClCompile>
    <ClCompile Include="image\sys\strTransform.c">
      <Filter>Common</Filter>
    </ClCompile>
    <ClCompile Include="image\decode\decode.c">
      <Filter>Decode</Filter>
    </ClCompile>
    <ClCompile Include="image\decode\huffman.c">
      <Filter>Decode</Filter>
    </ClCompile>
    <ClCompile Include="image\decode\postprocess.c">
      <Filter>Decode</Filter>
    </ClCompile>
    <ClCompile Include="image\decode\segdec.c">
      <Filter>Decode</Filter>
    </ClCompile>
    <ClCompile Include="image\decode\strdec.c">
      <Filter>Decode</Filter>
    </ClCompile>
    <ClCompile Include="image\decode\strInvTransform.c">
      <Filter>Decode</Filter>
    </ClCompile>
    <ClCompile Include="image\decode\strPredQuantDec.c">
      <Filter>Decode</Filter>
    </ClCompile>
    <ClCompile Include="image\decode\WMPTranscode.c">
      <Filter>Decode</Filter>
    </ClCompile>
    <ClCompile Include="image\encode\encode.c">
      <Filter>Encode</Filter>
    </ClCompile>
    <ClCompile Include="image\encode\segenc.c">
      <Filter>Encode</Filter>
    </ClCompile>
    <ClCompile Include="image\encode\strenc.c">
      <Filter>Encode</Filter>
    </ClCompile>
    <ClCompile Include="image\encode\strFwdTransform.c">
      <Filter>Encode</Filter>
    </ClCompile>
    <ClCompile Include="image\encode\strPredQuantEnc.c">
      <Filter>Encode</Filter>
    </ClCompile>
    <ClCompile Include="network\client\debughlp\memtrace\heaptrace.cpp">
      <Filter>Memtrace</Filter>
    </ClCompile>
    <ClCompile Include="network\client\debughlp\memtrace\memtrace.cpp">
      <Filter>Memtrace</Filter>
    </ClCompile>
    <ClCompile Include="network\client\debughlp\memtrace\regtrace.cpp">
      <Filter>Memtrace</Filter>
    </ClCompile>
    <ClCompile Include="network\client\debughlp\memtrace\sysheap.cpp">
      <Filter>Memtrace</Filter>
    </ClCompile>
    <ClCompile Include="network\client\debughlp\memtrace\sysMalloc.cpp">
      <Filter>Memtrace</Filter>
    </ClCompile>
    <ClCompile Include="systems\tools\wmpgluelib\WMPGlue.c">
      <Filter>WMPGlue</Filter>
    </ClCompile>
    <ClCompile Include="systems\tools\wmpgluelib\WMPGlueBmp.c">
      <Filter>WMPGlue</Filter>
    </ClCompile>
    <ClCompile Include="systems\tools\wmpgluelib\WMPGlueHdr.c">
      <Filter>WMPGlue</Filter>
    </ClCompile>
    <ClCompile Include="systems\tools\wmpgluelib\WMPGluePFC.c">
      <Filter>WMPGlue</Filter>
    </ClCompile>
    <ClCompile Include="systems\tools\wmpgluelib\WMPGluePnm.c">
      <Filter>WMPGlue</Filter>
    </ClCompile>
    <ClCompile Include="systems\tools\wmpgluelib\WMPGlueTif.c">
      <Filter>WMPGlue</Filter>
    </ClCompile>
    <ClCompile Include="systems\tools\wmpgluelib\WMPGlueWmp.c">
      <Filter>WMPGlue</Filter>
    </ClCompile>
    <ClCompile Include="systems\tools\wmpgluelib\WMPGlueYUV.c">
      <Filter>WMPGlue</Filter>
    </ClCompile>
    <ClCompile Include="systems\tools\wmpmetalib\WMPMeta.c">
      <Filter>WMPMeta</Filter>
    </ClCompile>
  </ItemGroup>
  <ItemGroup>
    <ClInclude Include="image\sys\common.h">
      <Filter>Common</Filter>
    </ClInclude>
    <ClInclude Include="image\sys\perfTimer.h">
      <Filter>Common</Filter>
    </ClInclude>
    <ClInclude Include="image\sys\strcodec.h">
      <Filter>Common</Filter>
    </ClInclude>
    <ClInclude Include="image\sys\strTransform.h">
      <Filter>Common</Filter>
    </ClInclude>
    <ClInclude Include="image\sys\windowsmediaphoto.h">
      <Filter>Common</Filter>
    </ClInclude>
    <ClInclude Include="image\sys\xplatform_image.h">
      <Filter>Common</Filter>
    </ClInclude>
    <ClInclude Include="image\decode\decode.h">
      <Filter>Decode</Filter>
    </ClInclude>
    <ClInclude Include="image\encode\encode.h">
      <Filter>Encode</Filter>
    </ClInclude>
    <ClInclude Include="network\client\debughlp\memtrace\heaptrace.h">
      <Filter>Memtrace</Filter>
    </ClInclude>
    <ClInclude Include="network\client\debughlp\memtrace\memtrace.h">
      <Filter>Memtrace</Filter>
    </ClInclude>
    <ClInclude Include="network\client\debughlp\memtrace\memtrace_com.h">
      <Filter>Memtrace</Filter>
    </ClInclude>
    <ClInclude Include="network\client\debughlp\memtrace\regtrace.h">
      <Filter>Memtrace</Filter>
    </ClInclude>
    <ClInclude Include="systems\tools\wmpgluelib\WMPGlue.h">
      <Filter>WMPGlue</Filter>
    </ClInclude>
    <ClInclude Include="systems\tools\wmpmetalib\WMPMeta.h">
      <Filter>WMPMeta</Filter>
    </ClInclude>
    <ClInclude Include="common\include\guiddef.h">
      <Filter>Include</Filter>
    </ClInclude>
    <ClInclude Include="common\include\wmsal.h">
      <Filter>Include</Filter>
    </ClInclude>
    <ClInclude Include="common\include\wmspecstring.h">
      <Filter>Include</Filter>
    </ClInclude>
    <ClInclude Include="common\include\wmspecstrings_adt.h">
      <Filter>Include</Filter>
    </ClInclude>
    <ClInclude Include="common\include\wmspecstrings_strict.h">
      <Filter>Include</Filter>
    </ClInclude>
  </ItemGroup>
  <ItemGroup>
    <None Include="Makefile" />
  </ItemGroup>
</Project>